
Microsoft Visual Studio Solution File, Format Version 12.00
# Visual Studio Version 17
VisualStudioVersion = 17.7.34221.43
MinimumVisualStudioVersion = 10.0.40219.1
Project("{FAE04EC0-301F-11D3-BF4B-00C04F79EFBC}") = "Delegate-Practise", "Delegate-Practise\Delegate-Practise.csproj", "{ADCAEAE0-0E75-4155-8F7B-EFF4AF9E9CC3}"
EndProject
Global
	GlobalSection(SolutionConfigurationPlatforms) = preSolution
		Debug|Any CPU = Debug|Any CPU
		Release|Any CPU = Release|Any CPU
	EndGlobalSection
	GlobalSection(ProjectConfigurationPlatforms) = postSolution
		{ADCAEAE0-0E75-4155-8F7B-EFF4AF9E9CC3}.Debug|Any CPU.ActiveCfg = Debug|Any CPU
		{ADCAEAE0-0E75-4155-8F7B-EFF4AF9E9CC3}.Debug|Any CPU.Build.0 = Debug|Any CPU
		{ADCAEAE0-0E75-4155-8F7B-EFF4AF9E9CC3}.Release|Any CPU.ActiveCfg = Release|Any CPU
		{ADCAEAE0-0E75-4155-8F7B-EFF4AF9E9CC3}.Release|Any CPU.Build.0 = Release|Any CPU
	EndGlobalSection
	GlobalSection(SolutionProperties) = preSolution
		HideSolutionNode = FALSE
	EndGlobalSection
	GlobalSection(ExtensibilityGlobals) = postSolution
		SolutionGuid = {A850A6C0-81D8-458E-90EA-8AF936F8B9D4}
	EndGlobalSection
EndGlobal
